
Microsoft Visual Studio Solution File, Format Version 12.00
# Visual Studio Version 16
VisualStudioVersion = 16.0.32510.428
MinimumVisualStudioVersion = 10.0.40219.1
Project("{FAE04EC0-301F-11D3-BF4B-00C04F79EFBC}") = "DictionaryAppForIT", "DictionaryAppForIT.csproj", "{642384E9-7827-4BE6-A509-96469DDB0F1B}"
EndProject
Global
	GlobalSection(SolutionConfigurationPlatforms) = preSolution
		Debug|Any CPU = Debug|Any CPU
		Release|Any CPU = Release|Any CPU
	EndGlobalSection
	GlobalSection(ProjectConfigurationPlatforms) = postSolution
		{642384E9-7827-4BE6-A509-96469DDB0F1B}.Debug|Any CPU.ActiveCfg = Debug|Any CPU
		{642384E9-7827-4BE6-A509-96469DDB0F1B}.Debug|Any CPU.Build.0 = Debug|Any CPU
		{642384E9-7827-4BE6-A509-96469DDB0F1B}.Release|Any CPU.ActiveCfg = Release|Any CPU
		{642384E9-7827-4BE6-A509-96469DDB0F1B}.Release|Any CPU.Build.0 = Release|Any CPU
	EndGlobalSection
	GlobalSection(SolutionProperties) = preSolution
		HideSolutionNode = FALSE
	EndGlobalSection
	GlobalSection(ExtensibilityGlobals) = postSolution
		SolutionGuid = {7E859728-AED6-4029-823A-DAADFFB71A8C}
	EndGlobalSection
EndGlobal
